lockfileVersion: 5.4

specifiers:
  '@altv/types-client': ^2.1.8
  '@altv/types-natives': ^1.4.4
  '@altv/types-server': ^2.3.6
  '@altv/types-shared': ^1.2.5
  '@altv/types-webview': ^1.0.2
  '@altv/types-worker': ^1.0.6
  '@stuyk/ezmongodb': ^2.0.2
  '@types/node': ^17.0.41
  '@vue/compiler-sfc': ^3.2.37
  altv-pkg: ^2.0.4
  altv-xsync-entity-client: ^2.3.4
  altv-xsync-entity-server: ^2.3.4
  axios: ^0.27.2
  bson: ^4.6.4
  concurrently: ^7.2.1
  dotenv: ^16.0.1
  esbuild: ^0.14.43
  esbuild-plugin-vue-next: ^0.1.4
  typescript: 4.7.2
  vite: ^2.9.10
  vue: ^3.2.37

dependencies:
  '@stuyk/ezmongodb': 2.0.2
  altv-xsync-entity-client: 2.3.4_tjzz7z7hmq3ucrmtvrq2ctbr2m
  altv-xsync-entity-server: 2.3.4_witzasbfx5u4prijcgfxpen7xi
  axios: 0.27.2
  bson: 4.6.4
  dotenv: 16.0.1
  vue: 3.2.37

devDependencies:
  '@altv/types-client': 2.1.8_nepwwivy5fq6k4gf43pdkcvm6e
  '@altv/types-natives': 1.4.4_@altv+types-client@2.1.8
  '@altv/types-server': 2.3.6_@altv+types-shared@1.2.5
  '@altv/types-shared': 1.2.5
  '@altv/types-webview': 1.0.2
  '@altv/types-worker': 1.0.6_@altv+types-client@2.1.8
  '@types/node': 17.0.41
  '@vue/compiler-sfc': 3.2.37
  altv-pkg: 2.0.4
  concurrently: 7.2.1
  esbuild: 0.14.43
  esbuild-plugin-vue-next: 0.1.4_@vue+compiler-sfc@3.2.37
  typescript: 4.7.2
  vite: 2.9.10

packages:

  /@altv/types-client/2.1.8_nepwwivy5fq6k4gf43pdkcvm6e:
    resolution: {integrity: sha512-Ti8SktJIkN1ZZiQKXJ9AJzlbhKCqt2WSouNVx3OLmZLa56abZMyoShos28YhiP8s7I8CQ9i/oxha9tGzork0Ig==}
    peerDependencies:
      '@altv/types-shared': 1.2.x
      '@altv/types-worker': 1.0.x
    dependencies:
      '@altv/types-shared': 1.2.5
      '@altv/types-worker': 1.0.6_@altv+types-client@2.1.8

  /@altv/types-natives/1.4.4_@altv+types-client@2.1.8:
    resolution: {integrity: sha512-qcIPhpRAhGnErtf3p1iVGL6CIUJWc1IdYJl6K9T5c7W8Nd9RM2cv4JIyQg3TTXLiu+1gAZlkD8KyYKIfs5BqnQ==}
    peerDependencies:
      '@altv/types-client': '>=1.7.0'
    dependencies:
      '@altv/types-client': 2.1.8_nepwwivy5fq6k4gf43pdkcvm6e
    dev: true

  /@altv/types-server/2.3.6_@altv+types-shared@1.2.5:
    resolution: {integrity: sha512-T5sjLw1SLhEnO8I1gpOwqZEJobNa29WEZm7optpRtqfquq3RsRMMVqXTb8E4doUf85qYXZpOSbn27pL8bBPoeg==}
    peerDependencies:
      '@altv/types-shared': 1.2.x
    dependencies:
      '@altv/types-shared': 1.2.5

  /@altv/types-shared/1.2.5:
    resolution: {integrity: sha512-SzHcGEkgn7U08Hmj8pH+iSd0oYRGRpZEIJ2edpJYMVe1zIPcjC8ULIoranNE6FoEGEsusy5MZS1cnAH/QHDh6g==}

  /@altv/types-webview/1.0.2:
    resolution: {integrity: sha512-3RceTutIDS/XV8YUn/AiSe61BERBb6LfCCQxIcN5bvlh26lPXC0naxtQTcG39pSgj8a5iiVT8LaRNdEZP6JBcA==}
    dev: true

  /@altv/types-worker/1.0.6_@altv+types-client@2.1.8:
    resolution: {integrity: sha512-wsEG0PNHK2/jZvADOdWlzFGlKUAGM2esEFUtIRU7/pJsem6+aDS5E5GKp9lh3+5mk1ZByvzjbjxfS628U7O2LQ==}
    peerDependencies:
      '@altv/types-client': 2.1.x
    dependencies:
      '@altv/types-client': 2.1.8_nepwwivy5fq6k4gf43pdkcvm6e

  /@babel/helper-validator-identifier/7.16.7:
    resolution: {integrity: sha512-hsEnFemeiW4D08A5gUAZxLBTXpZ39P+a+DGDsHw1yxqyQ/jzFEnxf5uTEGp+3bzAbNOxU1paTgYS4ECU/IgfDw==}
    engines: {node: '>=6.9.0'}

  /@babel/parser/7.18.4:
    resolution: {integrity: sha512-FDge0dFazETFcxGw/EXzOkN8uJp0PC7Qbm+Pe9T+av2zlBpOgunFHkQPPn+eRuClU73JF+98D531UgayY89tow==}
    engines: {node: '>=6.0.0'}
    hasBin: true
    dependencies:
      '@babel/types': 7.18.4

  /@babel/types/7.18.4:
    resolution: {integrity: sha512-ThN1mBcMq5pG/Vm2IcBmPPfyPXbd8S02rS+OBIDENdufvqC7Z/jHPCv9IcP01277aKtDI8g/2XysBN4hA8niiw==}
    engines: {node: '>=6.9.0'}
    dependencies:
      '@babel/helper-validator-identifier': 7.16.7
      to-fast-properties: 2.0.0

  /@stuyk/ezmongodb/2.0.2:
    resolution: {integrity: sha512-7mSys+YHcIiV0iBrdq7z352+jlEVsxzZ3bE8w3rW9dJa0qb1B0Tub0A0/oUxB9I3jPLKVPOw+tE+M42/ecDBxA==}
    dependencies:
      mongodb: 4.7.0
      typescript: 4.7.2
    dev: false

  /@types/node/17.0.41:
    resolution: {integrity: sha512-xA6drNNeqb5YyV5fO3OAEsnXLfO7uF0whiOfPTz5AeDo8KeZFmODKnvwPymMNO8qE/an8pVY/O50tig2SQCrGw==}

  /@types/webidl-conversions/6.1.1:
    resolution: {integrity: sha512-XAahCdThVuCFDQLT7R7Pk/vqeObFNL3YqRyFZg+AqAP/W1/w3xHaIxuW7WszQqTbIBOPRcItYJIou3i/mppu3Q==}
    dev: false

  /@types/whatwg-url/8.2.1:
    resolution: {integrity: sha512-2YubE1sjj5ifxievI5Ge1sckb9k/Er66HyR2c+3+I6VDUUg1TLPdYYTEbQ+DjRkS4nTxMJhgWfSfMRD2sl2EYQ==}
    dependencies:
      '@types/node': 17.0.41
      '@types/webidl-conversions': 6.1.1
    dev: false

  /@vue/compiler-core/3.2.37:
    resolution: {integrity: sha512-81KhEjo7YAOh0vQJoSmAD68wLfYqJvoiD4ulyedzF+OEk/bk6/hx3fTNVfuzugIIaTrOx4PGx6pAiBRe5e9Zmg==}
    dependencies:
      '@babel/parser': 7.18.4
      '@vue/shared': 3.2.37
      estree-walker: 2.0.2
      source-map: 0.6.1

  /@vue/compiler-dom/3.2.37:
    resolution: {integrity: sha512-yxJLH167fucHKxaqXpYk7x8z7mMEnXOw3G2q62FTkmsvNxu4FQSu5+3UMb+L7fjKa26DEzhrmCxAgFLLIzVfqQ==}
    dependencies:
      '@vue/compiler-core': 3.2.37
      '@vue/shared': 3.2.37

  /@vue/compiler-sfc/3.2.37:
    resolution: {integrity: sha512-+7i/2+9LYlpqDv+KTtWhOZH+pa8/HnX/905MdVmAcI/mPQOBwkHHIzrsEsucyOIZQYMkXUiTkmZq5am/NyXKkg==}
    dependencies:
      '@babel/parser': 7.18.4
      '@vue/compiler-core': 3.2.37
      '@vue/compiler-dom': 3.2.37
      '@vue/compiler-ssr': 3.2.37
      '@vue/reactivity-transform': 3.2.37
      '@vue/shared': 3.2.37
      estree-walker: 2.0.2
      magic-string: 0.25.9
      postcss: 8.4.14
      source-map: 0.6.1

  /@vue/compiler-ssr/3.2.37:
    resolution: {integrity: sha512-7mQJD7HdXxQjktmsWp/J67lThEIcxLemz1Vb5I6rYJHR5vI+lON3nPGOH3ubmbvYGt8xEUaAr1j7/tIFWiEOqw==}
    dependencies:
      '@vue/compiler-dom': 3.2.37
      '@vue/shared': 3.2.37

  /@vue/reactivity-transform/3.2.37:
    resolution: {integrity: sha512-IWopkKEb+8qpu/1eMKVeXrK0NLw9HicGviJzhJDEyfxTR9e1WtpnnbYkJWurX6WwoFP0sz10xQg8yL8lgskAZg==}
    dependencies:
      '@babel/parser': 7.18.4
      '@vue/compiler-core': 3.2.37
      '@vue/shared': 3.2.37
      estree-walker: 2.0.2
      magic-string: 0.25.9

  /@vue/reactivity/3.2.37:
    resolution: {integrity: sha512-/7WRafBOshOc6m3F7plwzPeCu/RCVv9uMpOwa/5PiY1Zz+WLVRWiy0MYKwmg19KBdGtFWsmZ4cD+LOdVPcs52A==}
    dependencies:
      '@vue/shared': 3.2.37
    dev: false

  /@vue/runtime-core/3.2.37:
    resolution: {integrity: sha512-JPcd9kFyEdXLl/i0ClS7lwgcs0QpUAWj+SKX2ZC3ANKi1U4DOtiEr6cRqFXsPwY5u1L9fAjkinIdB8Rz3FoYNQ==}
    dependencies:
      '@vue/reactivity': 3.2.37
      '@vue/shared': 3.2.37
    dev: false

  /@vue/runtime-dom/3.2.37:
    resolution: {integrity: sha512-HimKdh9BepShW6YozwRKAYjYQWg9mQn63RGEiSswMbW+ssIht1MILYlVGkAGGQbkhSh31PCdoUcfiu4apXJoPw==}
    dependencies:
      '@vue/runtime-core': 3.2.37
      '@vue/shared': 3.2.37
      csstype: 2.6.20
    dev: false

  /@vue/server-renderer/3.2.37_vue@3.2.37:
    resolution: {integrity: sha512-kLITEJvaYgZQ2h47hIzPh2K3jG8c1zCVbp/o/bzQOyvzaKiCquKS7AaioPI28GNxIsE/zSx+EwWYsNxDCX95MA==}
    peerDependencies:
      vue: 3.2.37
    dependencies:
      '@vue/compiler-ssr': 3.2.37
      '@vue/shared': 3.2.37
      vue: 3.2.37
    dev: false

  /@vue/shared/3.2.37:
    resolution: {integrity: sha512-4rSJemR2NQIo9Klm1vabqWjD8rs/ZaJSzMxkMNeJS6lHiUjjUeYFbooN19NgFjztubEKh3WlZUeOLVdbbUWHsw==}

  /altv-pkg/2.0.4:
    resolution: {integrity: sha512-sdmyhjN98dfRmJcantlqyDD8uxeFUnfv1cY1S883C6HcBP9cFdCDCUURm5QX9osaw4Li388Dvq2gQO//9zKSCA==}
    hasBin: true
    dependencies:
      axios: 0.26.1
      chalk: 4.1.2
    transitivePeerDependencies:
      - debug
    dev: true

  /altv-xsync-entity-client/2.3.4_tjzz7z7hmq3ucrmtvrq2ctbr2m:
    resolution: {integrity: sha512-yKNjrDVR7oaP0cEgpMtjHu07sLWiYKyNaTYGW+z0ZLWuk/Ob3lTjKZsR7l5n24gxpbn1DN73tGVYOG83VgNw9g==}
    peerDependencies:
      '@altv/types-client': '>=2.x'
      '@altv/types-shared': '>=1.x'
    dependencies:
      '@altv/types-client': 2.1.8_nepwwivy5fq6k4gf43pdkcvm6e
      '@altv/types-shared': 1.2.5
    dev: false

  /altv-xsync-entity-server/2.3.4_witzasbfx5u4prijcgfxpen7xi:
    resolution: {integrity: sha512-FWdvgSVFDS/aEMgT2mWfq4pFDbYtBii8mcikw9cAKcQmqHY+jLf2KVcXfS6ZMtlTSDKDlLy61yCYy54b4JJk0A==}
    peerDependencies:
      '@altv/types-server': '>=2.x'
      '@altv/types-shared': '>=1.x'
    dependencies:
      '@altv/types-server': 2.3.6_@altv+types-shared@1.2.5
      '@altv/types-shared': 1.2.5
    dev: false

  /ansi-regex/5.0.1:
    resolution: {integrity: sha512-quJQXlTSUGL2LH9SUXo8VwsY4soanhgo6LNSm84E1LBcE8s3O0wpdiRzyR9z/ZZJMlMWv37qOOb9pdJlMUEKFQ==}
    engines: {node: '>=8'}
    dev: true

  /ansi-styles/4.3.0:
    resolution: {integrity: sha512-zbB9rCJAT1rbjiVDb2hqKFHNYLxgtk8NURxZ3IZwD3F6NtxbXZQCnnSi1Lkx+IDohdPlFp222wVALIheZJQSEg==}
    engines: {node: '>=8'}
    dependencies:
      color-convert: 2.0.1
    dev: true

  /asynckit/0.4.0:
    resolution: {integrity: sha512-Oei9OH4tRh0YqU3GxhX79dM/mwVgvbZJaSNaRk+bshkj0S5cfHcgYakreBjrHwatXKbz+IoIdYLxrKim2MjW0Q==}
    dev: false

  /axios/0.26.1:
    resolution: {integrity: sha512-fPwcX4EvnSHuInCMItEhAGnaSEXRBjtzh9fOtsE6E1G6p7vl7edEeZe11QHf18+6+9gR5PbKV/sGKNaD8YaMeA==}
    dependencies:
      follow-redirects: 1.15.1
    transitivePeerDependencies:
      - debug
    dev: true

  /axios/0.27.2:
    resolution: {integrity: sha512-t+yRIyySRTp/wua5xEr+z1q60QmLq8ABsS5O9Me1AsE5dfKqgnCFzwiCZZ/cGNd1lq4/7akDWMxdhVlucjmnOQ==}
    dependencies:
      follow-redirects: 1.15.1
      form-data: 4.0.0
    transitivePeerDependencies:
      - debug
    dev: false

  /base64-js/1.5.1:
    resolution: {integrity: sha512-AKpaYlHn8t4SVbOHCy+b5+KKgvR4vrsD8vbvrbiQJps7fKDTkjkDry6ji0rUJjC0kzbNePLwzxq8iypo41qeWA==}
    dev: false

  /bson/4.6.4:
    resolution: {integrity: sha512-TdQ3FzguAu5HKPPlr0kYQCyrYUYh8tFM+CMTpxjNzVzxeiJY00Rtuj3LXLHSgiGvmaWlZ8PE+4KyM2thqE38pQ==}
    engines: {node: '>=6.9.0'}
    dependencies:
      buffer: 5.7.1
    dev: false

  /buffer/5.7.1:
    resolution: {integrity: sha512-EHcyIPBQ4BSGlvjB16k5KgAJ27CIsHY/2JBmCRReo48y9rQ3MaUzWX3KVlBa4U7MyX02HdVj0K7C3WaB3ju7FQ==}
    dependencies:
      base64-js: 1.5.1
      ieee754: 1.2.1
    dev: false

  /chalk/4.1.2:
    resolution: {integrity: sha512-oKnbhFyRIXpUuez8iBMmyEa4nbj4IOQyuhc/wy9kY7/WVPcwIO9VA668Pu8RkO7+0G76SLROeyw9CpQ061i4mA==}
    engines: {node: '>=10'}
    dependencies:
      ansi-styles: 4.3.0
      supports-color: 7.2.0
    dev: true

  /cliui/7.0.4:
    resolution: {integrity: sha512-OcRE68cOsVMXp1Yvonl/fzkQOyjLSu/8bhPDfQt0e0/Eb283TKP20Fs2MqoPsr9SwA595rRCA+QMzYc9nBP+JQ==}
    dependencies:
      string-width: 4.2.3
      strip-ansi: 6.0.1
      wrap-ansi: 7.0.0
    dev: true

  /color-convert/2.0.1:
    resolution: {integrity: sha512-RRECPsj7iu/xb5oKYcsFHSppFNnsj/52OVTRKb4zP5onXwVF3zVmmToNcOfGC+CRDpfK/U584fMg38ZHCaElKQ==}
    engines: {node: '>=7.0.0'}
    dependencies:
      color-name: 1.1.4
    dev: true

  /color-name/1.1.4:
    resolution: {integrity: sha512-dOy+3AuW3a2wNbZHIuMZpTcgjGuLU/uBL/ubcZF9OXbDo8ff4O8yVp5Bf0efS8uEoYo5q4Fx7dY9OgQGXgAsQA==}
    dev: true

  /combined-stream/1.0.8:
    resolution: {integrity: sha512-FQN4MRfuJeHf7cBbBMJFXhKSDq+2kAArBlmRBvcvFE5BB1HZKXtSFASDhdlz9zOYwxh8lDdnvmMOe/+5cdoEdg==}
    engines: {node: '>= 0.8'}
    dependencies:
      delayed-stream: 1.0.0
    dev: false

  /concurrently/7.2.1:
    resolution: {integrity: sha512-7cab/QyqipqghrVr9qZmoWbidu0nHsmxrpNqQ7r/67vfl1DWJElexehQnTH1p+87tDkihaAjM79xTZyBQh7HLw==}
    engines: {node: ^12.20.0 || ^14.13.0 || >=16.0.0}
    hasBin: true
    dependencies:
      chalk: 4.1.2
      date-fns: 2.28.0
      lodash: 4.17.21
      rxjs: 6.6.7
      shell-quote: 1.7.3
      spawn-command: 0.0.2-1
      supports-color: 8.1.1
      tree-kill: 1.2.2
      yargs: 17.5.1
    dev: true

  /convert-source-map/1.8.0:
    resolution: {integrity: sha512-+OQdjP49zViI/6i7nIJpA8rAl4sV/JdPfU9nZs3VqOwGIgizICvuN2ru6fMd+4llL0tar18UYJXfZ/TWtmhUjA==}
    dependencies:
      safe-buffer: 5.1.2
    dev: true

  /csstype/2.6.20:
    resolution: {integrity: sha512-/WwNkdXfckNgw6S5R125rrW8ez139lBHWouiBvX8dfMFtcn6V81REDqnH7+CRpRipfYlyU1CmOnOxrmGcFOjeA==}
    dev: false

  /date-fns/2.28.0:
    resolution: {integrity: sha512-8d35hViGYx/QH0icHYCeLmsLmMUheMmTyV9Fcm6gvNwdw31yXXH+O85sOBJ+OLnLQMKZowvpKb6FgMIQjcpvQw==}
    engines: {node: '>=0.11'}
    dev: true

  /delayed-stream/1.0.0:
    resolution: {integrity: sha512-ZySD7Nf91aLB0RxL4KGrKHBXl7Eds1DAmEdcoVawXnLD7SDhpNgtuII2aAkg7a7QS41jxPSZ17p4VdGnMHk3MQ==}
    engines: {node: '>=0.4.0'}
    dev: false

  /denque/2.0.1:
    resolution: {integrity: sha512-tfiWc6BQLXNLpNiR5iGd0Ocu3P3VpxfzFiqubLgMfhfOw9WyvgJBd46CClNn9k3qfbjvT//0cf7AlYRX/OslMQ==}
    engines: {node: '>=0.10'}
    dev: false

  /dotenv/16.0.1:
    resolution: {integrity: sha512-1K6hR6wtk2FviQ4kEiSjFiH5rpzEVi8WW0x96aztHVMhEspNpc4DVOUTEHtEva5VThQ8IaBX1Pe4gSzpVVUsKQ==}
    engines: {node: '>=12'}
    dev: false

  /emoji-regex/8.0.0:
    resolution: {integrity: sha512-MSjYzcWNOA0ewAHpz0MxpYFvwg6yjy1NG3xteoqz644VCo/RPgnr1/GGt+ic3iJTzQ8Eu3TdM14SawnVUmGE6A==}
    dev: true

  /esbuild-android-64/0.14.43:
    resolution: {integrity: sha512-kqFXAS72K6cNrB6RiM7YJ5lNvmWRDSlpi7ZuRZ1hu1S3w0zlwcoCxWAyM23LQUyZSs1PbjHgdbbfYAN8IGh6xg==}
    engines: {node: '>=12'}
    cpu: [x64]
    os: [android]
    requiresBuild: true
    dev: true
    optional: true

  /esbuild-android-arm64/0.14.43:
    resolution: {integrity: sha512-bKS2BBFh+7XZY9rpjiHGRNA7LvWYbZWP87pLehggTG7tTaCDvj8qQGOU/OZSjCSKDYbgY7Q+oDw8RlYQ2Jt2BA==}
    engines: {node: '>=12'}
    cpu: [arm64]
    os: [android]
    requiresBuild: true
    dev: true
    optional: true

  /esbuild-darwin-64/0.14.43:
    resolution: {integrity: sha512-/3PSilx011ttoieRGkSZ0XV8zjBf2C9enV4ScMMbCT4dpx0mFhMOpFnCHkOK0pWGB8LklykFyHrWk2z6DENVUg==}
    engines: {node: '>=12'}
    cpu: [x64]
    os: [darwin]
    requiresBuild: true
    dev: true
    optional: true

  /esbuild-darwin-arm64/0.14.43:
    resolution: {integrity: sha512-1HyFUKs8DMCBOvw1Qxpr5Vv/ThNcVIFb5xgXWK3pyT40WPvgYIiRTwJCvNs4l8i5qWF8/CK5bQxJVDjQvtv0Yw==}
    engines: {node: '>=12'}
    cpu: [arm64]
    os: [darwin]
    requiresBuild: true
    dev: true
    optional: true

  /esbuild-freebsd-64/0.14.43:
    resolution: {integrity: sha512-FNWc05TPHYgaXjbPZO5/rJKSBslfG6BeMSs8GhwnqAKP56eEhvmzwnIz1QcC9cRVyO+IKqWNfmHFkCa1WJTULA==}
    engines: {node: '>=12'}
    cpu: [x64]
    os: [freebsd]
    requiresBuild: true
    dev: true
    optional: true

  /esbuild-freebsd-arm64/0.14.43:
    resolution: {integrity: sha512-amrYopclz3VohqisOPR6hA3GOWA3LZC1WDLnp21RhNmoERmJ/vLnOpnrG2P/Zao+/erKTCUqmrCIPVtj58DRoA==}
    engines: {node: '>=12'}
    cpu: [arm64]
    os: [freebsd]
    requiresBuild: true
    dev: true
    optional: true

  /esbuild-linux-32/0.14.43:
    resolution: {integrity: sha512-KoxoEra+9O3AKVvgDFvDkiuddCds6q71owSQEYwjtqRV7RwbPzKxJa6+uyzUulHcyGVq0g15K0oKG5CFBcvYDw==}
    engines: {node: '>=12'}
    cpu: [ia32]
    os: [linux]
    requiresBuild: true
    dev: true
    optional: true

  /esbuild-linux-64/0.14.43:
    resolution: {integrity: sha512-EwINwGMyiJMgBby5/SbMqKcUhS5AYAZ2CpEBzSowsJPNBJEdhkCTtEjk757TN/wxgbu3QklqDM6KghY660QCUw==}
    engines: {node: '>=12'}
    cpu: [x64]
    os: [linux]
    requiresBuild: true
    dev: true
    optional: true

  /esbuild-linux-arm/0.14.43:
    resolution: {integrity: sha512-e6YzQUoDxxtyamuF12eVzzRC7bbEFSZohJ6igQB9tBqnNmIQY3fI6Cns3z2wxtbZ3f2o6idkD2fQnlvs2902Dg==}
    engines: {node: '>=12'}
    cpu: [arm]
    os: [linux]
    requiresBuild: true
    dev: true
    optional: true

  /esbuild-linux-arm64/0.14.43:
    resolution: {integrity: sha512-UlSpjMWllAc70zYbHxWuDS3FJytyuR/gHJYBr8BICcTNb/TSOYVBg6U7b3jZ3mILTrgzwJUHwhEwK18FZDouUQ==}
    engines: {node: '>=12'}
    cpu: [arm64]
    os: [linux]
    requiresBuild: true
    dev: true
    optional: true

  /esbuild-linux-mips64le/0.14.43:
    resolution: {integrity: sha512-f+v8cInPEL1/SDP//CfSYzcDNgE4CY3xgDV81DWm3KAPWzhvxARrKxB1Pstf5mB56yAslJDxu7ryBUPX207EZA==}
    engines: {node: '>=12'}
    cpu: [mips64el]
    os: [linux]
    requiresBuild: true
    dev: true
    optional: true

  /esbuild-linux-ppc64le/0.14.43:
    resolution: {integrity: sha512-5wZYMDGAL/K2pqkdIsW+I4IR41kyfHr/QshJcNpUfK3RjB3VQcPWOaZmc+74rm4ZjVirYrtz+jWw0SgxtxRanA==}
    engines: {node: '>=12'}
    cpu: [ppc64]
    os: [linux]
    requiresBuild: true
    dev: true
    optional: true

  /esbuild-linux-riscv64/0.14.43:
    resolution: {integrity: sha512-lYcAOUxp85hC7lSjycJUVSmj4/9oEfSyXjb/ua9bNl8afonaduuqtw7hvKMoKuYnVwOCDw4RSfKpcnIRDWq+Bw==}
    engines: {node: '>=12'}
    cpu: [riscv64]
    os: [linux]
    requiresBuild: true
    dev: true
    optional: true

  /esbuild-linux-s390x/0.14.43:
    resolution: {integrity: sha512-27e43ZhHvhFE4nM7HqtUbMRu37I/4eNSUbb8FGZWszV+uLzMIsHDwLoBiJmw7G9N+hrehNPeQ4F5Ujad0DrUKQ==}
    engines: {node: '>=12'}
    cpu: [s390x]
    os: [linux]
    requiresBuild: true
    dev: true
    optional: true

  /esbuild-netbsd-64/0.14.43:
    resolution: {integrity: sha512-2mH4QF6hHBn5zzAfxEI/2eBC0mspVsZ6UVo821LpAJKMvLJPBk3XJO5xwg7paDqSqpl7p6IRrAenW999AEfJhQ==}
    engines: {node: '>=12'}
    cpu: [x64]
    os: [netbsd]
    requiresBuild: true
    dev: true
    optional: true

  /esbuild-openbsd-64/0.14.43:
    resolution: {integrity: sha512-ZhQpiZjvqCqO8jKdGp9+8k9E/EHSA+zIWOg+grwZasI9RoblqJ1QiZqqi7jfd6ZrrG1UFBNGe4m0NFxCFbMVbg==}
    engines: {node: '>=12'}
    cpu: [x64]
    os: [openbsd]
    requiresBuild: true
    dev: true
    optional: true

  /esbuild-plugin-vue-next/0.1.4_@vue+compiler-sfc@3.2.37:
    resolution: {integrity: sha512-n4DF5xY/GJ9DdRM4+MvV14Rrr+7xGhtv9/0xIxfzN6qSIMdXfZ6g4PVX735NYC7vGRr9KyZGRWST5jCyHQ6n5g==}
    peerDependencies:
      '@vue/compiler-sfc': '>=3.0.0'
    dependencies:
      '@vue/compiler-sfc': 3.2.37
      convert-source-map: 1.8.0
      hash-sum: 2.0.0
    dev: true

  /esbuild-sunos-64/0.14.43:
    resolution: {integrity: sha512-DgxSi9DaHReL9gYuul2rrQCAapgnCJkh3LSHPKsY26zytYppG0HgkgVF80zjIlvEsUbGBP/GHQzBtrezj/Zq1Q==}
    engines: {node: '>=12'}
    cpu: [x64]
    os: [sunos]
    requiresBuild: true
    dev: true
    optional: true

  /esbuild-windows-32/0.14.43:
    resolution: {integrity: sha512-Ih3+2O5oExiqm0mY6YYE5dR0o8+AspccQ3vIAtRodwFvhuyGLjb0Hbmzun/F3Lw19nuhPMu3sW2fqIJ5xBxByw==}
    engines: {node: '>=12'}
    cpu: [ia32]
    os: [win32]
    requiresBuild: true
    dev: true
    optional: true

  /esbuild-windows-64/0.14.43:
    resolution: {integrity: sha512-8NsuNfI8xwFuJbrCuI+aBqNTYkrWErejFO5aYM+yHqyHuL8mmepLS9EPzAzk8rvfaJrhN0+RvKWAcymViHOKEw==}
    engines: {node: '>=12'}
    cpu: [x64]
    os: [win32]
    requiresBuild: true
    dev: true
    optional: true

  /esbuild-windows-arm64/0.14.43:
    resolution: {integrity: sha512-7ZlD7bo++kVRblJEoG+cepljkfP8bfuTPz5fIXzptwnPaFwGS6ahvfoYzY7WCf5v/1nX2X02HDraVItTgbHnKw==}
    engines: {node: '>=12'}
    cpu: [arm64]
    os: [win32]
    requiresBuild: true
    dev: true
    optional: true

  /esbuild/0.14.43:
    resolution: {integrity: sha512-Uf94+kQmy/5jsFwKWiQB4hfo/RkM9Dh7b79p8yqd1tshULdr25G2szLz631NoH3s2ujnKEKVD16RmOxvCNKRFA==}
    engines: {node: '>=12'}
    hasBin: true
    requiresBuild: true
    optionalDependencies:
      esbuild-android-64: 0.14.43
      esbuild-android-arm64: 0.14.43
      esbuild-darwin-64: 0.14.43
      esbuild-darwin-arm64: 0.14.43
      esbuild-freebsd-64: 0.14.43
      esbuild-freebsd-arm64: 0.14.43
      esbuild-linux-32: 0.14.43
      esbuild-linux-64: 0.14.43
      esbuild-linux-arm: 0.14.43
      esbuild-linux-arm64: 0.14.43
      esbuild-linux-mips64le: 0.14.43
      esbuild-linux-ppc64le: 0.14.43
      esbuild-linux-riscv64: 0.14.43
      esbuild-linux-s390x: 0.14.43
      esbuild-netbsd-64: 0.14.43
      esbuild-openbsd-64: 0.14.43
      esbuild-sunos-64: 0.14.43
      esbuild-windows-32: 0.14.43
      esbuild-windows-64: 0.14.43
      esbuild-windows-arm64: 0.14.43
    dev: true

  /escalade/3.1.1:
    resolution: {integrity: sha512-k0er2gUkLf8O0zKJiAhmkTnJlTvINGv7ygDNPbeIsX/TJjGJZHuh9B2UxbsaEkmlEo9MfhrSzmhIlhRlI2GXnw==}
    engines: {node: '>=6'}
    dev: true

  /estree-walker/2.0.2:
    resolution: {integrity: sha512-Rfkk/Mp/DL7JVje3u18FxFujQlTNR2q6QfMSMB7AvCBx91NGj/ba3kCfza0f6dVDbw7YlRf/nDrn7pQrCCyQ/w==}

  /follow-redirects/1.15.1:
    resolution: {integrity: sha512-yLAMQs+k0b2m7cVxpS1VKJVvoz7SS9Td1zss3XRwXj+ZDH00RJgnuLx7E44wx02kQLrdM3aOOy+FpzS7+8OizA==}
    engines: {node: '>=4.0'}
    peerDependencies:
      debug: '*'
    peerDependenciesMeta:
      debug:
        optional: true

  /form-data/4.0.0:
    resolution: {integrity: sha512-ETEklSGi5t0QMZuiXoA/Q6vcnxcLQP5vdugSpuAyi6SVGi2clPPp+xgEhuMaHC+zGgn31Kd235W35f7Hykkaww==}
    engines: {node: '>= 6'}
    dependencies:
      asynckit: 0.4.0
      combined-stream: 1.0.8
      mime-types: 2.1.35
    dev: false

  /fsevents/2.3.2:
    resolution: {integrity: sha512-xiqMQR4xAeHTuB9uWm+fFRcIOgKBMiOBP+eXiyT7jsgVCq1bkVygt00oASowB7EdtpOHaaPgKt812P9ab+DDKA==}
    engines: {node: ^8.16.0 || ^10.6.0 || >=11.0.0}
    os: [darwin]
    requiresBuild: true
    dev: true
    optional: true

  /function-bind/1.1.1:
    resolution: {integrity: sha512-yIovAzMX49sF8Yl58fSCWJ5svSLuaibPxXQJFLmBObTuCr0Mf1KiPopGM9NiFjiYBCbfaa2Fh6breQ6ANVTI0A==}
    dev: true

  /get-caller-file/2.0.5:
    resolution: {integrity: sha512-DyFP3BM/3YHTQOCUL/w0OZHR0lpKeGrxotcHWcqNEdnltqFwXVfhEBQ94eIo34AfQpo0rGki4cyIiftY06h2Fg==}
    engines: {node: 6.* || 8.* || >= 10.*}
    dev: true

  /has-flag/4.0.0:
    resolution: {integrity: sha512-EykJT/Q1KjTWctppgIAgfSO0tKVuZUjhgMr17kqTumMl6Afv3EISleU7qZUzoXDFTAHTDC4NOoG/ZxU3EvlMPQ==}
    engines: {node: '>=8'}
    dev: true

  /has/1.0.3:
    resolution: {integrity: sha512-f2dvO0VU6Oej7RkWJGrehjbzMAjFp5/VKPp5tTpWIV4JHHZK1/BxbFRtf/siA2SWTe09caDmVtYYzWEIbBS4zw==}
    engines: {node: '>= 0.4.0'}
    dependencies:
      function-bind: 1.1.1
    dev: true

  /hash-sum/2.0.0:
    resolution: {integrity: sha512-WdZTbAByD+pHfl/g9QSsBIIwy8IT+EsPiKDs0KNX+zSHhdDLFKdZu0BQHljvO+0QI/BasbMSUa8wYNCZTvhslg==}
    dev: true

  /ieee754/1.2.1:
    resolution: {integrity: sha512-dcyqhDvX1C46lXZcVqCpK+FtMRQVdIMN6/Df5js2zouUsqG7I6sFxitIC+7KYK29KdXOLHdu9zL4sFnoVQnqaA==}
    dev: false

  /ip/1.1.8:
    resolution: {integrity: sha512-PuExPYUiu6qMBQb4l06ecm6T6ujzhmh+MeJcW9wa89PoAz5pvd4zPgN5WJV104mb6S2T1AwNIAaB70JNrLQWhg==}
    dev: false

  /is-core-module/2.9.0:
    resolution: {integrity: sha512-+5FPy5PnwmO3lvfMb0AsoPaBG+5KHUI0wYFXOtYPnVVVspTFUuMZNfNaNVRt3FZadstu2c8x23vykRW/NBoU6A==}
    dependencies:
      has: 1.0.3
    dev: true

  /is-fullwidth-code-point/3.0.0:
    resolution: {integrity: sha512-zymm5+u+sCsSWyD9qNaejV3DFvhCKclKdizYaJUuHA83RLjb7nSuGnddCHGv0hk+KY7BMAlsWeK4Ueg6EV6XQg==}
    engines: {node: '>=8'}
    dev: true

  /lodash/4.17.21:
    resolution: {integrity: sha512-v2kDEe57lecTulaDIuNTPy3Ry4gLGJ6Z1O3vE1krgXZNrsQ+LFTGHVxVjcXPs17LhbZVGedAJv8XZ1tvj5FvSg==}
    dev: true

  /magic-string/0.25.9:
    resolution: {integrity: sha512-RmF0AsMzgt25qzqqLc1+MbHmhdx0ojF2Fvs4XnOqz2ZOBXzzkEwc/dJQZCYHAn7v1jbVOjAZfK8msRn4BxO4VQ==}
    dependencies:
      sourcemap-codec: 1.4.8

  /memory-pager/1.5.0:
    resolution: {integrity: sha512-ZS4Bp4r/Zoeq6+NLJpP+0Zzm0pR8whtGPf1XExKLJBAczGMnSi3It14OiNCStjQjM6NU1okjQGSxgEZN8eBYKg==}
    dev: false
    optional: true

  /mime-db/1.52.0:
    resolution: {integrity: sha512-sPU4uV7dYlvtWJxwwxHD0PuihVNiE7TyAbQ5SWxDCB9mUYvOgroQOwYQQOKPJ8CIbE+1ETVlOoK1UC2nU3gYvg==}
    engines: {node: '>= 0.6'}
    dev: false

  /mime-types/2.1.35:
    resolution: {integrity: sha512-ZDY+bPm5zTTF+YpCrAU9nK0UgICYPT0QtT1NZWFv4s++TNkcgVaT0g6+4R2uI4MjQjzysHB1zxuWL50hzaeXiw==}
    engines: {node: '>= 0.6'}
    dependencies:
      mime-db: 1.52.0
    dev: false

  /mongodb-connection-string-url/2.5.2:
    resolution: {integrity: sha512-tWDyIG8cQlI5k3skB6ywaEA5F9f5OntrKKsT/Lteub2zgwSUlhqEN2inGgBTm8bpYJf8QYBdA/5naz65XDpczA==}
    dependencies:
      '@types/whatwg-url': 8.2.1
      whatwg-url: 11.0.0
    dev: false

  /mongodb/4.7.0:
    resolution: {integrity: sha512-HhVar6hsUeMAVlIbwQwWtV36iyjKd9qdhY+s4wcU8K6TOj4Q331iiMy+FoPuxEntDIijTYWivwFJkLv8q/ZgvA==}
    engines: {node: '>=12.9.0'}
    dependencies:
      bson: 4.6.4
      denque: 2.0.1
      mongodb-connection-string-url: 2.5.2
      socks: 2.6.2
    optionalDependencies:
      saslprep: 1.0.3
    dev: false

  /nanoid/3.3.4:
    resolution: {integrity: sha512-MqBkQh/OHTS2egovRtLk45wEyNXwF+cokD+1YPf9u5VfJiRdAiRwB2froX5Co9Rh20xs4siNPm8naNotSD6RBw==}
    engines: {node: ^10 || ^12 || ^13.7 || ^14 || >=15.0.1}
    hasBin: true

  /path-parse/1.0.7:
    resolution: {integrity: sha512-LDJzPVEEEPR+y48z93A0Ed0yXb8pAByGWo/k5YYdYgpY2/2EsOsksJrq7lOHxryrVOn1ejG6oAp8ahvOIQD8sw==}
    dev: true

  /picocolors/1.0.0:
    resolution: {integrity: sha512-1fygroTLlHu66zi26VoTDv8yRgm0Fccecssto+MhsZ0D/DGW2sm8E8AjW7NU5VVTRt5GxbeZ5qBuJr+HyLYkjQ==}

  /postcss/8.4.14:
    resolution: {integrity: sha512-E398TUmfAYFPBSdzgeieK2Y1+1cpdxJx8yXbK/m57nRhKSmk1GB2tO4lbLBtlkfPQTDKfe4Xqv1ASWPpayPEig==}
    engines: {node: ^10 || ^12 || >=14}
    dependencies:
      nanoid: 3.3.4
      picocolors: 1.0.0
      source-map-js: 1.0.2

  /punycode/2.1.1:
    resolution: {integrity: sha512-XRsRjdf+j5ml+y/6GKHPZbrF/8p2Yga0JPtdqTIY2Xe5ohJPD9saDJJLPvp9+NSBprVvevdXZybnj2cv8OEd0A==}
    engines: {node: '>=6'}
    dev: false

  /require-directory/2.1.1:
    resolution: {integrity: sha512-fGxEI7+wsG9xrvdjsrlmL22OMTTiHRwAMroiEeMgq8gzoLC/PQr7RsRDSTLUg/bZAZtF+TVIkHc6/4RIKrui+Q==}
    engines: {node: '>=0.10.0'}
    dev: true

  /resolve/1.22.0:
    resolution: {integrity: sha512-Hhtrw0nLeSrFQ7phPp4OOcVjLPIeMnRlr5mcnVuMe7M/7eBn98A3hmFRLoFo3DLZkivSYwhRUJTyPyWAk56WLw==}
    hasBin: true
    dependencies:
      is-core-module: 2.9.0
      path-parse: 1.0.7
      supports-preserve-symlinks-flag: 1.0.0
    dev: true

  /rollup/2.75.6:
    resolution: {integrity: sha512-OEf0TgpC9vU6WGROJIk1JA3LR5vk/yvqlzxqdrE2CzzXnqKXNzbAwlWUXis8RS3ZPe7LAq+YUxsRa0l3r27MLA==}
    engines: {node: '>=10.0.0'}
    hasBin: true
    optionalDependencies:
      fsevents: 2.3.2
    dev: true

  /rxjs/6.6.7:
    resolution: {integrity: sha512-hTdwr+7yYNIT5n4AMYp85KA6yw2Va0FLa3Rguvbpa4W3I5xynaBZo41cM3XM+4Q6fRMj3sBYIR1VAmZMXYJvRQ==}
    engines: {npm: '>=2.0.0'}
    dependencies:
      tslib: 1.14.1
    dev: true

  /safe-buffer/5.1.2:
    resolution: {integrity: sha512-Gd2UZBJDkXlY7GbJxfsE8/nvKkUEU1G38c1siN6QP6a9PT9MmHB8GnpscSmMJSoF8LOIrt8ud/wPtojys4G6+g==}
    dev: true

  /saslprep/1.0.3:
    resolution: {integrity: sha512-/MY/PEMbk2SuY5sScONwhUDsV2p77Znkb/q3nSVstq/yQzYJOH/Azh29p9oJLsl3LnQwSvZDKagDGBsBwSooag==}
    engines: {node: '>=6'}
    requiresBuild: true
    dependencies:
      sparse-bitfield: 3.0.3
    dev: false
    optional: true

  /shell-quote/1.7.3:
    resolution: {integrity: sha512-Vpfqwm4EnqGdlsBFNmHhxhElJYrdfcxPThu+ryKS5J8L/fhAwLazFZtq+S+TWZ9ANj2piSQLGj6NQg+lKPmxrw==}
    dev: true

  /smart-buffer/4.2.0:
    resolution: {integrity: sha512-94hK0Hh8rPqQl2xXc3HsaBoOXKV20MToPkcXvwbISWLEs+64sBq5kFgn2kJDHb1Pry9yrP0dxrCI9RRci7RXKg==}
    engines: {node: '>= 6.0.0', npm: '>= 3.0.0'}
    dev: false

  /socks/2.6.2:
    resolution: {integrity: sha512-zDZhHhZRY9PxRruRMR7kMhnf3I8hDs4S3f9RecfnGxvcBHQcKcIH/oUcEWffsfl1XxdYlA7nnlGbbTvPz9D8gA==}
    engines: {node: '>= 10.13.0', npm: '>= 3.0.0'}
    dependencies:
      ip: 1.1.8
      smart-buffer: 4.2.0
    dev: false

  /source-map-js/1.0.2:
    resolution: {integrity: sha512-R0XvVJ9WusLiqTCEiGCmICCMplcCkIwwR11mOSD9CR5u+IXYdiseeEuXCVAjS54zqwkLcPNnmU4OeJ6tUrWhDw==}
    engines: {node: '>=0.10.0'}

  /source-map/0.6.1:
    resolution: {integrity: sha512-UjgapumWlbMhkBgzT7Ykc5YXUT46F0iKu8SGXq0bcwP5dz/h0Plj6enJqjz1Zbq2l5WaqYnrVbwWOWMyF3F47g==}
    engines: {node: '>=0.10.0'}

  /sourcemap-codec/1.4.8:
    resolution: {integrity: sha512-9NykojV5Uih4lgo5So5dtw+f0JgJX30KCNI8gwhz2J9A15wD0Ml6tjHKwf6fTSa6fAdVBdZeNOs9eJ71qCk8vA==}

  /sparse-bitfield/3.0.3:
    resolution: {integrity: sha512-kvzhi7vqKTfkh0PZU+2D2PIllw2ymqJKujUcyPMd9Y75Nv4nPbGJZXNhxsgdQab2BmlDct1YnfQCguEvHr7VsQ==}
    dependencies:
      memory-pager: 1.5.0
    dev: false
    optional: true

  /spawn-command/0.0.2-1:
    resolution: {integrity: sha512-n98l9E2RMSJ9ON1AKisHzz7V42VDiBQGY6PB1BwRglz99wpVsSuGzQ+jOi6lFXBGVTCrRpltvjm+/XA+tpeJrg==}
    dev: true

  /string-width/4.2.3:
    resolution: {integrity: sha512-wKyQRQpjJ0sIp62ErSZdGsjMJWsap5oRNihHhu6G7JVO/9jIB6UyevL+tXuOqrng8j/cxKTWyWUwvSTriiZz/g==}
    engines: {node: '>=8'}
    dependencies:
      emoji-regex: 8.0.0
      is-fullwidth-code-point: 3.0.0
      strip-ansi: 6.0.1
    dev: true

  /strip-ansi/6.0.1:
    resolution: {integrity: sha512-Y38VPSHcqkFrCpFnQ9vuSXmquuv5oXOKpGeT6aGrr3o3Gc9AlVa6JBfUSOCnbxGGZF+/0ooI7KrPuUSztUdU5A==}
    engines: {node: '>=8'}
    dependencies:
      ansi-regex: 5.0.1
    dev: true

  /supports-color/7.2.0:
    resolution: {integrity: sha512-qpCAvRl9stuOHveKsn7HncJRvv501qIacKzQlO/+Lwxc9+0q2wLyv4Dfvt80/DPn2pqOBsJdDiogXGR9+OvwRw==}
    engines: {node: '>=8'}
    dependencies:
      has-flag: 4.0.0
    dev: true

  /supports-color/8.1.1:
    resolution: {integrity: sha512-MpUEN2OodtUzxvKQl72cUF7RQ5EiHsGvSsVG0ia9c5RbWGL2CI4C7EpPS8UTBIplnlzZiNuV56w+FuNxy3ty2Q==}
    engines: {node: '>=10'}
    dependencies:
      has-flag: 4.0.0
    dev: true

  /supports-preserve-symlinks-flag/1.0.0:
    resolution: {integrity: sha512-ot0WnXS9fgdkgIcePe6RHNk1WA8+muPa6cSjeR3V8K27q9BB1rTE3R1p7Hv0z1ZyAc8s6Vvv8DIyWf681MAt0w==}
    engines: {node: '>= 0.4'}
    dev: true

  /to-fast-properties/2.0.0:
    resolution: {integrity: sha1-3F5pjL0HkmW8c+A3doGk5Og/YW4=}
    engines: {node: '>=4'}

  /tr46/3.0.0:
    resolution: {integrity: sha512-l7FvfAHlcmulp8kr+flpQZmVwtu7nfRV7NZujtN0OqES8EL4O4e0qqzL0DC5gAvx/ZC/9lk6rhcUwYvkBnBnYA==}
    engines: {node: '>=12'}
    dependencies:
      punycode: 2.1.1
    dev: false

  /tree-kill/1.2.2:
    resolution: {integrity: sha512-L0Orpi8qGpRG//Nd+H90vFB+3iHnue1zSSGmNOOCh1GLJ7rUKVwV2HvijphGQS2UmhUZewS9VgvxYIdgr+fG1A==}
    hasBin: true
    dev: true

  /tslib/1.14.1:
    resolution: {integrity: sha512-Xni35NKzjgMrwevysHTCArtLDpPvye8zV/0E4EyYn43P7/7qvQwPh9BGkHewbMulVntbigmcT7rdX3BNo9wRJg==}
    dev: true

  /typescript/4.7.2:
    resolution: {integrity: sha512-Mamb1iX2FDUpcTRzltPxgWMKy3fhg0TN378ylbktPGPK/99KbDtMQ4W1hwgsbPAsG3a0xKa1vmw4VKZQbkvz5A==}
    engines: {node: '>=4.2.0'}
    hasBin: true

  /vite/2.9.10:
    resolution: {integrity: sha512-TwZRuSMYjpTurLqXspct+HZE7ONiW9d+wSWgvADGxhDPPyoIcNywY+RX4ng+QpK30DCa1l/oZgi2PLZDibhzbQ==}
    engines: {node: '>=12.2.0'}
    hasBin: true
    peerDependencies:
      less: '*'
      sass: '*'
      stylus: '*'
    peerDependenciesMeta:
      less:
        optional: true
      sass:
        optional: true
      stylus:
        optional: true
    dependencies:
      esbuild: 0.14.43
      postcss: 8.4.14
      resolve: 1.22.0
      rollup: 2.75.6
    optionalDependencies:
      fsevents: 2.3.2
    dev: true

  /vue/3.2.37:
    resolution: {integrity: sha512-bOKEZxrm8Eh+fveCqS1/NkG/n6aMidsI6hahas7pa0w/l7jkbssJVsRhVDs07IdDq7h9KHswZOgItnwJAgtVtQ==}
    dependencies:
      '@vue/compiler-dom': 3.2.37
      '@vue/compiler-sfc': 3.2.37
      '@vue/runtime-dom': 3.2.37
      '@vue/server-renderer': 3.2.37_vue@3.2.37
      '@vue/shared': 3.2.37
    dev: false

  /webidl-conversions/7.0.0:
    resolution: {integrity: sha512-VwddBukDzu71offAQR975unBIGqfKZpM+8ZX6ySk8nYhVoo5CYaZyzt3YBvYtRtO+aoGlqxPg/B87NGVZ/fu6g==}
    engines: {node: '>=12'}
    dev: false

  /whatwg-url/11.0.0:
    resolution: {integrity: sha512-RKT8HExMpoYx4igMiVMY83lN6UeITKJlBQ+vR/8ZJ8OCdSiN3RwCq+9gH0+Xzj0+5IrM6i4j/6LuvzbZIQgEcQ==}
    engines: {node: '>=12'}
    dependencies:
      tr46: 3.0.0
      webidl-conversions: 7.0.0
    dev: false

  /wrap-ansi/7.0.0:
    resolution: {integrity: sha512-YVGIj2kamLSTxw6NsZjoBxfSwsn0ycdesmc4p+Q21c5zPuZ1pl+NfxVdxPtdHvmNVOQ6XSYG4AUtyt/Fi7D16Q==}
    engines: {node: '>=10'}
    dependencies:
      ansi-styles: 4.3.0
      string-width: 4.2.3
      strip-ansi: 6.0.1
    dev: true

  /y18n/5.0.8:
    resolution: {integrity: sha512-0pfFzegeDWJHJIAmTLRP2DwHjdF5s7jo9tuztdQxAhINCdvS+3nGINqPd00AphqJR/0LhANUS6/+7SCb98YOfA==}
    engines: {node: '>=10'}
    dev: true

  /yargs-parser/21.0.1:
    resolution: {integrity: sha512-9BK1jFpLzJROCI5TzwZL/TU4gqjK5xiHV/RfWLOahrjAko/e4DJkRDZQXfvqAsiZzzYhgAzbgz6lg48jcm4GLg==}
    engines: {node: '>=12'}
    dev: true

  /yargs/17.5.1:
    resolution: {integrity: sha512-t6YAJcxDkNX7NFYiVtKvWUz8l+PaKTLiL63mJYWR2GnHq2gjEWISzsLp9wg3aY36dY1j+gfIEL3pIF+XlJJfbA==}
    engines: {node: '>=12'}
    dependencies:
      cliui: 7.0.4
      escalade: 3.1.1
      get-caller-file: 2.0.5
      require-directory: 2.1.1
      string-width: 4.2.3
      y18n: 5.0.8
      yargs-parser: 21.0.1
    dev: true
